
Microsoft Visual Studio Solution File, Format Version 12.00
# Visual Studio Version 17
VisualStudioVersion = 17.0.31611.283
MinimumVisualStudioVersion = 10.0.40219.1
Project("{9A19103F-16F7-4668-BE54-9A1E7A4F7556}") = "Practica1", "Practica1\Practica1.csproj", "{A7A980DA-2B65-4976-A093-5578B342E10B}"
EndProject
Project("{9A19103F-16F7-4668-BE54-9A1E7A4F7556}") = "Practica2", "Practica2\Practica2.csproj", "{79FFCB81-C8CE-497A-9BF3-996609E03A0C}"
EndProject
Project("{2150E333-8FDC-42A3-9474-1A3956D46DE8}") = "Practica3", "Practica3", "{1EFFF2F7-3DAE-470B-AF16-4C215A4F5217}"
EndProject
Project("{9A19103F-16F7-4668-BE54-9A1E7A4F7556}") = "Alignment", "Alignment\Alignment.csproj", "{6538A51D-3CB7-4FC2-B5B3-E2F64431C91F}"
EndProject
Project("{9A19103F-16F7-4668-BE54-9A1E7A4F7556}") = "TipCalculator", "TipCalculator\TipCalculator.csproj", "{DD9BB0D1-DFD5-4439-B55E-80052AC831A9}"
EndProject
Project("{9A19103F-16F7-4668-BE54-9A1E7A4F7556}") = "TipCalculatorBis", "TipCalculatorBis\TipCalculatorBis.csproj", "{B9378AD0-3950-4DE8-A4AD-2C476BDFDDB0}"
EndProject
Project("{2150E333-8FDC-42A3-9474-1A3956D46DE8}") = "Practica4", "Practica4", "{2F47FA8B-80AA-42A5-A079-58CB63604CC2}"
EndProject
Project("{9A19103F-16F7-4668-BE54-9A1E7A4F7556}") = "TipCalculator1", "TipCalculator1\TipCalculator1.csproj", "{6A8F65EC-D675-4F03-A168-05C6FD6288BC}"
EndProject
Project("{9A19103F-16F7-4668-BE54-9A1E7A4F7556}") = "TipCalculator2", "TipCalculator2\TipCalculator2.csproj", "{D5704294-5F39-47DC-A6CB-08CABC801E36}"
EndProject
Project("{9A19103F-16F7-4668-BE54-9A1E7A4F7556}") = "TipCalculator3", "TipCalculator3\TipCalculator3.csproj", "{3D73553E-11D1-4902-9F23-18F1194BBD3D}"
EndProject
Project("{9A19103F-16F7-4668-BE54-9A1E7A4F7556}") = "TipCalculator4", "TipCalculator4\TipCalculator4.csproj", "{BABD4438-779B-42B0-9F87-71E5B8B114DF}"
EndProject
Project("{2150E333-8FDC-42A3-9474-1A3956D46DE8}") = "Practica5", "Practica5", "{E0389020-4332-40AB-9838-9ED0E84216D0}"
EndProject
Project("{9A19103F-16F7-4668-BE54-9A1E7A4F7556}") = "Astronomy", "Astronomy\Astronomy.csproj", "{E9798AD2-5E41-4791-87CF-C67987D6EFE7}"
EndProject
Global
	GlobalSection(SolutionConfigurationPlatforms) = preSolution
		Debug|Any CPU = Debug|Any CPU
		Release|Any CPU = Release|Any CPU
	EndGlobalSection
	GlobalSection(ProjectConfigurationPlatforms) = postSolution
		{A7A980DA-2B65-4976-A093-5578B342E10B}.Debug|Any CPU.ActiveCfg = Debug|Any CPU
		{A7A980DA-2B65-4976-A093-5578B342E10B}.Debug|Any CPU.Build.0 = Debug|Any CPU
		{A7A980DA-2B65-4976-A093-5578B342E10B}.Debug|Any CPU.Deploy.0 = Debug|Any CPU
		{A7A980DA-2B65-4976-A093-5578B342E10B}.Release|Any CPU.ActiveCfg = Release|Any CPU
		{A7A980DA-2B65-4976-A093-5578B342E10B}.Release|Any CPU.Build.0 = Release|Any CPU
		{A7A980DA-2B65-4976-A093-5578B342E10B}.Release|Any CPU.Deploy.0 = Release|Any CPU
		{79FFCB81-C8CE-497A-9BF3-996609E03A0C}.Debug|Any CPU.ActiveCfg = Debug|Any CPU
		{79FFCB81-C8CE-497A-9BF3-996609E03A0C}.Debug|Any CPU.Build.0 = Debug|Any CPU
		{79FFCB81-C8CE-497A-9BF3-996609E03A0C}.Debug|Any CPU.Deploy.0 = Debug|Any CPU
		{79FFCB81-C8CE-497A-9BF3-996609E03A0C}.Release|Any CPU.ActiveCfg = Release|Any CPU
		{79FFCB81-C8CE-497A-9BF3-996609E03A0C}.Release|Any CPU.Build.0 = Release|Any CPU
		{79FFCB81-C8CE-497A-9BF3-996609E03A0C}.Release|Any CPU.Deploy.0 = Release|Any CPU
		{6538A51D-3CB7-4FC2-B5B3-E2F64431C91F}.Debug|Any CPU.ActiveCfg = Debug|Any CPU
		{6538A51D-3CB7-4FC2-B5B3-E2F64431C91F}.Debug|Any CPU.Build.0 = Debug|Any CPU
		{6538A51D-3CB7-4FC2-B5B3-E2F64431C91F}.Debug|Any CPU.Deploy.0 = Debug|Any CPU
		{6538A51D-3CB7-4FC2-B5B3-E2F64431C91F}.Release|Any CPU.ActiveCfg = Release|Any CPU
		{6538A51D-3CB7-4FC2-B5B3-E2F64431C91F}.Release|Any CPU.Build.0 = Release|Any CPU
		{6538A51D-3CB7-4FC2-B5B3-E2F64431C91F}.Release|Any CPU.Deploy.0 = Release|Any CPU
		{DD9BB0D1-DFD5-4439-B55E-80052AC831A9}.Debug|Any CPU.ActiveCfg = Debug|Any CPU
		{DD9BB0D1-DFD5-4439-B55E-80052AC831A9}.Debug|Any CPU.Build.0 = Debug|Any CPU
		{DD9BB0D1-DFD5-4439-B55E-80052AC831A9}.Debug|Any CPU.Deploy.0 = Debug|Any CPU
		{DD9BB0D1-DFD5-4439-B55E-80052AC831A9}.Release|Any CPU.ActiveCfg = Release|Any CPU
		{DD9BB0D1-DFD5-4439-B55E-80052AC831A9}.Release|Any CPU.Build.0 = Release|Any CPU
		{DD9BB0D1-DFD5-4439-B55E-80052AC831A9}.Release|Any CPU.Deploy.0 = Release|Any CPU
		{B9378AD0-3950-4DE8-A4AD-2C476BDFDDB0}.Debug|Any CPU.ActiveCfg = Debug|Any CPU
		{B9378AD0-3950-4DE8-A4AD-2C476BDFDDB0}.Debug|Any CPU.Build.0 = Debug|Any CPU
		{B9378AD0-3950-4DE8-A4AD-2C476BDFDDB0}.Debug|Any CPU.Deploy.0 = Debug|Any CPU
		{B9378AD0-3950-4DE8-A4AD-2C476BDFDDB0}.Release|Any CPU.ActiveCfg = Release|Any CPU
		{B9378AD0-3950-4DE8-A4AD-2C476BDFDDB0}.Release|Any CPU.Build.0 = Release|Any CPU
		{B9378AD0-3950-4DE8-A4AD-2C476BDFDDB0}.Release|Any CPU.Deploy.0 = Release|Any CPU
		{6A8F65EC-D675-4F03-A168-05C6FD6288BC}.Debug|Any CPU.ActiveCfg = Debug|Any CPU
		{6A8F65EC-D675-4F03-A168-05C6FD6288BC}.Debug|Any CPU.Build.0 = Debug|Any CPU
		{6A8F65EC-D675-4F03-A168-05C6FD6288BC}.Debug|Any CPU.Deploy.0 = Debug|Any CPU
		{6A8F65EC-D675-4F03-A168-05C6FD6288BC}.Release|Any CPU.ActiveCfg = Release|Any CPU
		{6A8F65EC-D675-4F03-A168-05C6FD6288BC}.Release|Any CPU.Build.0 = Release|Any CPU
		{6A8F65EC-D675-4F03-A168-05C6FD6288BC}.Release|Any CPU.Deploy.0 = Release|Any CPU
		{D5704294-5F39-47DC-A6CB-08CABC801E36}.Debug|Any CPU.ActiveCfg = Debug|Any CPU
		{D5704294-5F39-47DC-A6CB-08CABC801E36}.Debug|Any CPU.Build.0 = Debug|Any CPU
		{D5704294-5F39-47DC-A6CB-08CABC801E36}.Debug|Any CPU.Deploy.0 = Debug|Any CPU
		{D5704294-5F39-47DC-A6CB-08CABC801E36}.Release|Any CPU.ActiveCfg = Release|Any CPU
		{D5704294-5F39-47DC-A6CB-08CABC801E36}.Release|Any CPU.Build.0 = Release|Any CPU
		{D5704294-5F39-47DC-A6CB-08CABC801E36}.Release|Any CPU.Deploy.0 = Release|Any CPU
		{3D73553E-11D1-4902-9F23-18F1194BBD3D}.Debug|Any CPU.ActiveCfg = Debug|Any CPU
		{3D73553E-11D1-4902-9F23-18F1194BBD3D}.Debug|Any CPU.Build.0 = Debug|Any CPU
		{3D73553E-11D1-4902-9F23-18F1194BBD3D}.Debug|Any CPU.Deploy.0 = Debug|Any CPU
		{3D73553E-11D1-4902-9F23-18F1194BBD3D}.Release|Any CPU.ActiveCfg = Release|Any CPU
		{3D73553E-11D1-4902-9F23-18F1194BBD3D}.Release|Any CPU.Build.0 = Release|Any CPU
		{3D73553E-11D1-4902-9F23-18F1194BBD3D}.Release|Any CPU.Deploy.0 = Release|Any CPU
		{BABD4438-779B-42B0-9F87-71E5B8B114DF}.Debug|Any CPU.ActiveCfg = Debug|Any CPU
		{BABD4438-779B-42B0-9F87-71E5B8B114DF}.Debug|Any CPU.Build.0 = Debug|Any CPU
		{BABD4438-779B-42B0-9F87-71E5B8B114DF}.Debug|Any CPU.Deploy.0 = Debug|Any CPU
		{BABD4438-779B-42B0-9F87-71E5B8B114DF}.Release|Any CPU.ActiveCfg = Release|Any CPU
		{BABD4438-779B-42B0-9F87-71E5B8B114DF}.Release|Any CPU.Build.0 = Release|Any CPU
		{BABD4438-779B-42B0-9F87-71E5B8B114DF}.Release|Any CPU.Deploy.0 = Release|Any CPU
		{E9798AD2-5E41-4791-87CF-C67987D6EFE7}.Debug|Any CPU.ActiveCfg = Debug|Any CPU
		{E9798AD2-5E41-4791-87CF-C67987D6EFE7}.Debug|Any CPU.Build.0 = Debug|Any CPU
		{E9798AD2-5E41-4791-87CF-C67987D6EFE7}.Debug|Any CPU.Deploy.0 = Debug|Any CPU
		{E9798AD2-5E41-4791-87CF-C67987D6EFE7}.Release|Any CPU.ActiveCfg = Release|Any CPU
		{E9798AD2-5E41-4791-87CF-C67987D6EFE7}.Release|Any CPU.Build.0 = Release|Any CPU
		{E9798AD2-5E41-4791-87CF-C67987D6EFE7}.Release|Any CPU.Deploy.0 = Release|Any CPU
	EndGlobalSection
	GlobalSection(SolutionProperties) = preSolution
		HideSolutionNode = FALSE
	EndGlobalSection
	GlobalSection(NestedProjects) = preSolution
		{6538A51D-3CB7-4FC2-B5B3-E2F64431C91F} = {1EFFF2F7-3DAE-470B-AF16-4C215A4F5217}
		{DD9BB0D1-DFD5-4439-B55E-80052AC831A9} = {1EFFF2F7-3DAE-470B-AF16-4C215A4F5217}
		{B9378AD0-3950-4DE8-A4AD-2C476BDFDDB0} = {1EFFF2F7-3DAE-470B-AF16-4C215A4F5217}
		{6A8F65EC-D675-4F03-A168-05C6FD6288BC} = {2F47FA8B-80AA-42A5-A079-58CB63604CC2}
		{D5704294-5F39-47DC-A6CB-08CABC801E36} = {2F47FA8B-80AA-42A5-A079-58CB63604CC2}
		{3D73553E-11D1-4902-9F23-18F1194BBD3D} = {2F47FA8B-80AA-42A5-A079-58CB63604CC2}
		{BABD4438-779B-42B0-9F87-71E5B8B114DF} = {2F47FA8B-80AA-42A5-A079-58CB63604CC2}
		{E9798AD2-5E41-4791-87CF-C67987D6EFE7} = {E0389020-4332-40AB-9838-9ED0E84216D0}
	EndGlobalSection
	GlobalSection(ExtensibilityGlobals) = postSolution
		SolutionGuid = {61F7FB11-1E47-470C-91E2-47F8143E1572}
	EndGlobalSection
EndGlobal
